
Microsoft Visual Studio Solution File, Format Version 12.00
# Visual Studio Version 16
VisualStudioVersion = 16.0.31424.327
MinimumVisualStudioVersion = 10.0.40219.1
Project("{FAE04EC0-301F-11D3-BF4B-00C04F79EFBC}") = "SwaggerEmpApp", "SwaggerEmpApp\SwaggerEmpApp.csproj", "{5694675A-5A91-4648-84BA-F6B04C316CB8}"
EndProject
Project("{FAE04EC0-301F-11D3-BF4B-00C04F79EFBC}") = "WebApiCRUDCoreLib", "..\WebApiCRUDApp\WebApiCRUDCoreLib\WebApiCRUDCoreLib.csproj", "{3F7B4DDD-0AE3-4C02-9AEE-AB1A83327C1A}"
EndProject
Global
	GlobalSection(SolutionConfigurationPlatforms) = preSolution
		Debug|Any CPU = Debug|Any CPU
		Release|Any CPU = Release|Any CPU
	EndGlobalSection
	GlobalSection(ProjectConfigurationPlatforms) = postSolution
		{5694675A-5A91-4648-84BA-F6B04C316CB8}.Debug|Any CPU.ActiveCfg = Debug|Any CPU
		{5694675A-5A91-4648-84BA-F6B04C316CB8}.Debug|Any CPU.Build.0 = Debug|Any CPU
		{5694675A-5A91-4648-84BA-F6B04C316CB8}.Release|Any CPU.ActiveCfg = Release|Any CPU
		{5694675A-5A91-4648-84BA-F6B04C316CB8}.Release|Any CPU.Build.0 = Release|Any CPU
		{3F7B4DDD-0AE3-4C02-9AEE-AB1A83327C1A}.Debug|Any CPU.ActiveCfg = Debug|Any CPU
		{3F7B4DDD-0AE3-4C02-9AEE-AB1A83327C1A}.Debug|Any CPU.Build.0 = Debug|Any CPU
		{3F7B4DDD-0AE3-4C02-9AEE-AB1A83327C1A}.Release|Any CPU.ActiveCfg = Release|Any CPU
		{3F7B4DDD-0AE3-4C02-9AEE-AB1A83327C1A}.Release|Any CPU.Build.0 = Release|Any CPU
	EndGlobalSection
	GlobalSection(SolutionProperties) = preSolution
		HideSolutionNode = FALSE
	EndGlobalSection
	GlobalSection(ExtensibilityGlobals) = postSolution
		SolutionGuid = {280B98D9-2F09-4786-BC7C-56F0D9FDEFAE}
	EndGlobalSection
EndGlobal
