
Microsoft Visual Studio Solution File, Format Version 12.00
# Visual Studio Version 16
VisualStudioVersion = 16.0.31424.327
MinimumVisualStudioVersion = 10.0.40219.1
Project("{FAE04EC0-301F-11D3-BF4B-00C04F79EFBC}") = "EventWebApi", "EventWebApi\EventWebApi.csproj", "{CF4E9DEE-7882-4507-8409-597316FB3AD0}"
EndProject
Project("{FAE04EC0-301F-11D3-BF4B-00C04F79EFBC}") = "EventCoreLibrary", "EventCoreLibrary\EventCoreLibrary.csproj", "{D5149FD3-CB4B-4158-91C2-345C60C98933}"
EndProject
Global
	GlobalSection(SolutionConfigurationPlatforms) = preSolution
		Debug|Any CPU = Debug|Any CPU
		Release|Any CPU = Release|Any CPU
	EndGlobalSection
	GlobalSection(ProjectConfigurationPlatforms) = postSolution
		{CF4E9DEE-7882-4507-8409-597316FB3AD0}.Debug|Any CPU.ActiveCfg = Debug|Any CPU
		{CF4E9DEE-7882-4507-8409-597316FB3AD0}.Debug|Any CPU.Build.0 = Debug|Any CPU
		{CF4E9DEE-7882-4507-8409-597316FB3AD0}.Release|Any CPU.ActiveCfg = Release|Any CPU
		{CF4E9DEE-7882-4507-8409-597316FB3AD0}.Release|Any CPU.Build.0 = Release|Any CPU
		{D5149FD3-CB4B-4158-91C2-345C60C98933}.Debug|Any CPU.ActiveCfg = Debug|Any CPU
		{D5149FD3-CB4B-4158-91C2-345C60C98933}.Debug|Any CPU.Build.0 = Debug|Any CPU
		{D5149FD3-CB4B-4158-91C2-345C60C98933}.Release|Any CPU.ActiveCfg = Release|Any CPU
		{D5149FD3-CB4B-4158-91C2-345C60C98933}.Release|Any CPU.Build.0 = Release|Any CPU
	EndGlobalSection
	GlobalSection(SolutionProperties) = preSolution
		HideSolutionNode = FALSE
	EndGlobalSection
	GlobalSection(ExtensibilityGlobals) = postSolution
		SolutionGuid = {DC3C71B0-2086-454E-9D14-61187D5F8399}
	EndGlobalSection
EndGlobal
